
Microsoft Visual Studio Solution File, Format Version 12.00
# Visual Studio 15
VisualStudioVersion = 15.0.26124.0
MinimumVisualStudioVersion = 15.0.26124.0
Project("{FAE04EC0-301F-11D3-BF4B-00C04F79EFBC}") = "C1", "C1\C1.csproj", "{0B18A96B-57CA-4B13-8AB5-CE82E3C28F5C}"
EndProject
Project("{FAE04EC0-301F-11D3-BF4B-00C04F79EFBC}") = "HackerRank", "HackerRank\HackerRank.csproj", "{C377BE74-668C-4D3D-B0E2-480DC524DB3E}"
EndProject
Project("{FAE04EC0-301F-11D3-BF4B-00C04F79EFBC}") = "C2", "C2\C2.csproj", "{2B55CD24-CA6C-42D5-8A12-F9C88A69A98F}"
EndProject
Project("{FAE04EC0-301F-11D3-BF4B-00C04F79EFBC}") = "SearchAndSort", "SearchAndSort\SearchAndSort.csproj", "{DFEF9FC4-A670-4A9F-AF87-EFD354F55E8B}"
EndProject
Project("{FAE04EC0-301F-11D3-BF4B-00C04F79EFBC}") = "C3", "C3\C3.csproj", "{DBF9F4D4-60C2-436D-9FA9-7B3710E6CDFA}"
EndProject
Project("{FAE04EC0-301F-11D3-BF4B-00C04F79EFBC}") = "C4", "C4\C4.csproj", "{AA2CDA11-E6C7-4AA9-B47A-0E0282BE155A}"
EndProject
Project("{FAE04EC0-301F-11D3-BF4B-00C04F79EFBC}") = "C8", "C8\C8.csproj", "{8E264275-A4FD-46BC-A08A-7F6BE7B5EB73}"
EndProject
Global
	GlobalSection(SolutionConfigurationPlatforms) = preSolution
		Debug|Any CPU = Debug|Any CPU
		Debug|x64 = Debug|x64
		Debug|x86 = Debug|x86
		Release|Any CPU = Release|Any CPU
		Release|x64 = Release|x64
		Release|x86 = Release|x86
	EndGlobalSection
	GlobalSection(SolutionProperties) = preSolution
		HideSolutionNode = FALSE
	EndGlobalSection
	GlobalSection(ProjectConfigurationPlatforms) = postSolution
		{0B18A96B-57CA-4B13-8AB5-CE82E3C28F5C}.Debug|Any CPU.ActiveCfg = Debug|Any CPU
		{0B18A96B-57CA-4B13-8AB5-CE82E3C28F5C}.Debug|Any CPU.Build.0 = Debug|Any CPU
		{0B18A96B-57CA-4B13-8AB5-CE82E3C28F5C}.Debug|x64.ActiveCfg = Debug|Any CPU
		{0B18A96B-57CA-4B13-8AB5-CE82E3C28F5C}.Debug|x64.Build.0 = Debug|Any CPU
		{0B18A96B-57CA-4B13-8AB5-CE82E3C28F5C}.Debug|x86.ActiveCfg = Debug|Any CPU
		{0B18A96B-57CA-4B13-8AB5-CE82E3C28F5C}.Debug|x86.Build.0 = Debug|Any CPU
		{0B18A96B-57CA-4B13-8AB5-CE82E3C28F5C}.Release|Any CPU.ActiveCfg = Release|Any CPU
		{0B18A96B-57CA-4B13-8AB5-CE82E3C28F5C}.Release|Any CPU.Build.0 = Release|Any CPU
		{0B18A96B-57CA-4B13-8AB5-CE82E3C28F5C}.Release|x64.ActiveCfg = Release|Any CPU
		{0B18A96B-57CA-4B13-8AB5-CE82E3C28F5C}.Release|x64.Build.0 = Release|Any CPU
		{0B18A96B-57CA-4B13-8AB5-CE82E3C28F5C}.Release|x86.ActiveCfg = Release|Any CPU
		{0B18A96B-57CA-4B13-8AB5-CE82E3C28F5C}.Release|x86.Build.0 = Release|Any CPU
		{C377BE74-668C-4D3D-B0E2-480DC524DB3E}.Debug|Any CPU.ActiveCfg = Debug|Any CPU
		{C377BE74-668C-4D3D-B0E2-480DC524DB3E}.Debug|Any CPU.Build.0 = Debug|Any CPU
		{C377BE74-668C-4D3D-B0E2-480DC524DB3E}.Debug|x64.ActiveCfg = Debug|Any CPU
		{C377BE74-668C-4D3D-B0E2-480DC524DB3E}.Debug|x64.Build.0 = Debug|Any CPU
		{C377BE74-668C-4D3D-B0E2-480DC524DB3E}.Debug|x86.ActiveCfg = Debug|Any CPU
		{C377BE74-668C-4D3D-B0E2-480DC524DB3E}.Debug|x86.Build.0 = Debug|Any CPU
		{C377BE74-668C-4D3D-B0E2-480DC524DB3E}.Release|Any CPU.ActiveCfg = Release|Any CPU
		{C377BE74-668C-4D3D-B0E2-480DC524DB3E}.Release|Any CPU.Build.0 = Release|Any CPU
		{C377BE74-668C-4D3D-B0E2-480DC524DB3E}.Release|x64.ActiveCfg = Release|Any CPU
		{C377BE74-668C-4D3D-B0E2-480DC524DB3E}.Release|x64.Build.0 = Release|Any CPU
		{C377BE74-668C-4D3D-B0E2-480DC524DB3E}.Release|x86.ActiveCfg = Release|Any CPU
		{C377BE74-668C-4D3D-B0E2-480DC524DB3E}.Release|x86.Build.0 = Release|Any CPU
		{2B55CD24-CA6C-42D5-8A12-F9C88A69A98F}.Debug|x64.ActiveCfg = Debug|Any CPU
		{2B55CD24-CA6C-42D5-8A12-F9C88A69A98F}.Debug|x64.Build.0 = Debug|Any CPU
		{2B55CD24-CA6C-42D5-8A12-F9C88A69A98F}.Debug|x86.ActiveCfg = Debug|Any CPU
		{2B55CD24-CA6C-42D5-8A12-F9C88A69A98F}.Debug|x86.Build.0 = Debug|Any CPU
		{2B55CD24-CA6C-42D5-8A12-F9C88A69A98F}.Release|Any CPU.ActiveCfg = Release|Any CPU
		{2B55CD24-CA6C-42D5-8A12-F9C88A69A98F}.Release|Any CPU.Build.0 = Release|Any CPU
		{2B55CD24-CA6C-42D5-8A12-F9C88A69A98F}.Release|x64.ActiveCfg = Release|Any CPU
		{2B55CD24-CA6C-42D5-8A12-F9C88A69A98F}.Release|x64.Build.0 = Release|Any CPU
		{2B55CD24-CA6C-42D5-8A12-F9C88A69A98F}.Release|x86.ActiveCfg = Release|Any CPU
		{2B55CD24-CA6C-42D5-8A12-F9C88A69A98F}.Release|x86.Build.0 = Release|Any CPU
		{2B55CD24-CA6C-42D5-8A12-F9C88A69A98F}.Debug|Any CPU.ActiveCfg = Debug|x86
		{2B55CD24-CA6C-42D5-8A12-F9C88A69A98F}.Debug|Any CPU.Build.0 = Debug|x86
		{DFEF9FC4-A670-4A9F-AF87-EFD354F55E8B}.Debug|Any CPU.ActiveCfg = Debug|Any CPU
		{DFEF9FC4-A670-4A9F-AF87-EFD354F55E8B}.Debug|Any CPU.Build.0 = Debug|Any CPU
		{DFEF9FC4-A670-4A9F-AF87-EFD354F55E8B}.Debug|x64.ActiveCfg = Debug|Any CPU
		{DFEF9FC4-A670-4A9F-AF87-EFD354F55E8B}.Debug|x64.Build.0 = Debug|Any CPU
		{DFEF9FC4-A670-4A9F-AF87-EFD354F55E8B}.Debug|x86.ActiveCfg = Debug|Any CPU
		{DFEF9FC4-A670-4A9F-AF87-EFD354F55E8B}.Debug|x86.Build.0 = Debug|Any CPU
		{DFEF9FC4-A670-4A9F-AF87-EFD354F55E8B}.Release|Any CPU.ActiveCfg = Release|Any CPU
		{DFEF9FC4-A670-4A9F-AF87-EFD354F55E8B}.Release|Any CPU.Build.0 = Release|Any CPU
		{DFEF9FC4-A670-4A9F-AF87-EFD354F55E8B}.Release|x64.ActiveCfg = Release|Any CPU
		{DFEF9FC4-A670-4A9F-AF87-EFD354F55E8B}.Release|x64.Build.0 = Release|Any CPU
		{DFEF9FC4-A670-4A9F-AF87-EFD354F55E8B}.Release|x86.ActiveCfg = Release|Any CPU
		{DFEF9FC4-A670-4A9F-AF87-EFD354F55E8B}.Release|x86.Build.0 = Release|Any CPU
		{DBF9F4D4-60C2-436D-9FA9-7B3710E6CDFA}.Debug|Any CPU.ActiveCfg = Debug|Any CPU
		{DBF9F4D4-60C2-436D-9FA9-7B3710E6CDFA}.Debug|Any CPU.Build.0 = Debug|Any CPU
		{DBF9F4D4-60C2-436D-9FA9-7B3710E6CDFA}.Debug|x64.ActiveCfg = Debug|Any CPU
		{DBF9F4D4-60C2-436D-9FA9-7B3710E6CDFA}.Debug|x64.Build.0 = Debug|Any CPU
		{DBF9F4D4-60C2-436D-9FA9-7B3710E6CDFA}.Debug|x86.ActiveCfg = Debug|Any CPU
		{DBF9F4D4-60C2-436D-9FA9-7B3710E6CDFA}.Debug|x86.Build.0 = Debug|Any CPU
		{DBF9F4D4-60C2-436D-9FA9-7B3710E6CDFA}.Release|Any CPU.ActiveCfg = Release|Any CPU
		{DBF9F4D4-60C2-436D-9FA9-7B3710E6CDFA}.Release|Any CPU.Build.0 = Release|Any CPU
		{DBF9F4D4-60C2-436D-9FA9-7B3710E6CDFA}.Release|x64.ActiveCfg = Release|Any CPU
		{DBF9F4D4-60C2-436D-9FA9-7B3710E6CDFA}.Release|x64.Build.0 = Release|Any CPU
		{DBF9F4D4-60C2-436D-9FA9-7B3710E6CDFA}.Release|x86.ActiveCfg = Release|Any CPU
		{DBF9F4D4-60C2-436D-9FA9-7B3710E6CDFA}.Release|x86.Build.0 = Release|Any CPU
		{AA2CDA11-E6C7-4AA9-B47A-0E0282BE155A}.Debug|Any CPU.ActiveCfg = Debug|Any CPU
		{AA2CDA11-E6C7-4AA9-B47A-0E0282BE155A}.Debug|Any CPU.Build.0 = Debug|Any CPU
		{AA2CDA11-E6C7-4AA9-B47A-0E0282BE155A}.Debug|x64.ActiveCfg = Debug|Any CPU
		{AA2CDA11-E6C7-4AA9-B47A-0E0282BE155A}.Debug|x64.Build.0 = Debug|Any CPU
		{AA2CDA11-E6C7-4AA9-B47A-0E0282BE155A}.Debug|x86.ActiveCfg = Debug|Any CPU
		{AA2CDA11-E6C7-4AA9-B47A-0E0282BE155A}.Debug|x86.Build.0 = Debug|Any CPU
		{AA2CDA11-E6C7-4AA9-B47A-0E0282BE155A}.Release|Any CPU.ActiveCfg = Release|Any CPU
		{AA2CDA11-E6C7-4AA9-B47A-0E0282BE155A}.Release|Any CPU.Build.0 = Release|Any CPU
		{AA2CDA11-E6C7-4AA9-B47A-0E0282BE155A}.Release|x64.ActiveCfg = Release|Any CPU
		{AA2CDA11-E6C7-4AA9-B47A-0E0282BE155A}.Release|x64.Build.0 = Release|Any CPU
		{AA2CDA11-E6C7-4AA9-B47A-0E0282BE155A}.Release|x86.ActiveCfg = Release|Any CPU
		{AA2CDA11-E6C7-4AA9-B47A-0E0282BE155A}.Release|x86.Build.0 = Release|Any CPU
		{8E264275-A4FD-46BC-A08A-7F6BE7B5EB73}.Debug|Any CPU.ActiveCfg = Debug|Any CPU
		{8E264275-A4FD-46BC-A08A-7F6BE7B5EB73}.Debug|Any CPU.Build.0 = Debug|Any CPU
		{8E264275-A4FD-46BC-A08A-7F6BE7B5EB73}.Debug|x64.ActiveCfg = Debug|Any CPU
		{8E264275-A4FD-46BC-A08A-7F6BE7B5EB73}.Debug|x64.Build.0 = Debug|Any CPU
		{8E264275-A4FD-46BC-A08A-7F6BE7B5EB73}.Debug|x86.ActiveCfg = Debug|Any CPU
		{8E264275-A4FD-46BC-A08A-7F6BE7B5EB73}.Debug|x86.Build.0 = Debug|Any CPU
		{8E264275-A4FD-46BC-A08A-7F6BE7B5EB73}.Release|Any CPU.ActiveCfg = Release|Any CPU
		{8E264275-A4FD-46BC-A08A-7F6BE7B5EB73}.Release|Any CPU.Build.0 = Release|Any CPU
		{8E264275-A4FD-46BC-A08A-7F6BE7B5EB73}.Release|x64.ActiveCfg = Release|Any CPU
		{8E264275-A4FD-46BC-A08A-7F6BE7B5EB73}.Release|x64.Build.0 = Release|Any CPU
		{8E264275-A4FD-46BC-A08A-7F6BE7B5EB73}.Release|x86.ActiveCfg = Release|Any CPU
		{8E264275-A4FD-46BC-A08A-7F6BE7B5EB73}.Release|x86.Build.0 = Release|Any CPU
	EndGlobalSection
EndGlobal
